<?xml version="1.0" encoding="utf-8"?>
<Project ToolsVersion="4.0" xmlns="http://schemas.microsoft.com/developer/msbuild/2003">
  <ItemGroup>
    <Filter Include="Quelldateien">
      <UniqueIdentifier>{4FC737F1-C7A5-4376-A066-2A32D752A2FF}</UniqueIdentifier>
      <Extensions>cpp;c;cc;cxx;def;odl;idl;hpj;bat;asm;asmx</Extensions>
    </Filter>
    <Filter Include="Headerdateien">
      <UniqueIdentifier>{93995380-89BD-4b04-88EB-625FBE52EBFB}</UniqueIdentifier>
      <Extensions>h;hh;hpp;hxx;hm;inl;inc;xsd</Extensions>
    </Filter>
    <Filter Include="Ressourcendateien">
      <UniqueIdentifier>{67DA6AB6-F800-4c08-8B7A-83BB121AAD01}</UniqueIdentifier>
      <Extensions>rc;ico;cur;bmp;dlg;rc2;rct;bin;rgs;gif;jpg;jpeg;jpe;resx;tiff;tif;png;wav;mfcribbon-ms</Extensions>
    </Filter>
  </ItemGroup>
  <ItemGroup>
    <ClInclude Include="include\EnemyModifier.h">
      <Filter>Headerdateien</Filter>
    </ClInclude>
    <ClInclude Include="include\Collisiongroup.h">
      <Filter>Headerdateien</Filter>
    </ClInclude>
    <ClInclude Include="include\Entity.h">
      <Filter>Headerdateien</Filter>
    </ClInclude>
    <ClInclude Include="include\GooModifier.h">
      <Filter>Headerdateien</Filter>
    </ClInclude>
    <ClInclude Include="include\GooParticleModifier.h">
      <Filter>Headerdateien</Filter>
    </ClInclude>
    <ClInclude Include="include\HitMarkerModifier.h">
      <Filter>Headerdateien</Filter>
    </ClInclude>
    <ClInclude Include="include\IModifier.h">
      <Filter>Headerdateien</Filter>
    </ClInclude>
    <ClInclude Include="include\InputActions.h">
      <Filter>Headerdateien</Filter>
    </ClInclude>
    <ClInclude Include="include\Level.h">
      <Filter>Headerdateien</Filter>
    </ClInclude>
    <ClInclude Include="include\ParticleModifier.h">
      <Filter>Headerdateien</Filter>
    </ClInclude>
    <ClInclude Include="include\PlayerModifier.h">
      <Filter>Headerdateien</Filter>
    </ClInclude>
    <ClInclude Include="include\ProjectileModifier.h">
      <Filter>Headerdateien</Filter>
    </ClInclude>
    <ClInclude Include="include\Spawner.h">
      <Filter>Headerdateien</Filter>
    </ClInclude>
    <ClInclude Include="include\StickyShotModifier.h">
      <Filter>Headerdateien</Filter>
    </ClInclude>
    <ClInclude Include="include\MovementPatternModifier.h">
      <Filter>Headerdateien</Filter>
    </ClInclude>
    <ClInclude Include="include\HomingMovementModifier.h">
      <Filter>Headerdateien</Filter>
    </ClInclude>
    <ClInclude Include="..\..\..\..\..\ken.buczilowski%40games-academy.de\Documents\GitHub Repositories\Body\Core\include\BoogerModifier.h">
      <Filter>Headerdateien</Filter>
    </ClInclude>
    <ClInclude Include="..\..\..\..\..\ken.buczilowski%40games-academy.de\Documents\GitHub Repositories\Body\Core\include\ShooterModifier.h">
      <Filter>Headerdateien</Filter>
    </ClInclude>
    <ClInclude Include="..\..\..\..\..\ken.buczilowski%40games-academy.de\Documents\GitHub Repositories\Body\Core\include\ShooterHeadModifier.h">
      <Filter>Headerdateien</Filter>
    </ClInclude>
    <ClInclude Include="..\..\..\..\..\ken.buczilowski%40games-academy.de\Documents\GitHub Repositories\Body\Core\include\BigVirusModifier.h">
      <Filter>Headerdateien</Filter>
    </ClInclude>
    <ClInclude Include="..\..\..\..\..\ken.buczilowski%40games-academy.de\Documents\GitHub Repositories\Body\Core\include\ShakyMovementModifier.h">
      <Filter>Headerdateien</Filter>
    </ClInclude>
    <ClInclude Include="..\..\..\..\..\ken.buczilowski%40games-academy.de\Documents\GitHub Repositories\Body\Core\include\WormElementModifier.h">
      <Filter>Headerdateien</Filter>
    </ClInclude>
    <ClInclude Include="..\..\..\..\..\ken.buczilowski%40games-academy.de\Documents\GitHub Repositories\Body\Core\include\ShootingModifier.h">
      <Filter>Headerdateien</Filter>
    </ClInclude>
    <ClInclude Include="..\..\..\..\..\ken.buczilowski%40games-academy.de\Documents\GitHub Repositories\Body\Core\include\AnimationModifier.h">
      <Filter>Headerdateien</Filter>
    </ClInclude>
    <ClInclude Include="..\..\..\..\..\ken.buczilowski%40games-academy.de\Documents\GitHub Repositories\Body\Core\include\BossModifier.h">
      <Filter>Headerdateien</Filter>
    </ClInclude>
    <ClInclude Include="..\..\..\..\..\ken.buczilowski%40games-academy.de\Documents\GitHub Repositories\Body\Core\include\BossPartModifier.h">
      <Filter>Headerdateien</Filter>
    </ClInclude>
    <ClInclude Include="..\..\..\..\..\ken.buczilowski%40games-academy.de\Documents\GitHub Repositories\Body\Core\include\MedicineBox.h">
      <Filter>Headerdateien</Filter>
    </ClInclude>
    <ClInclude Include="..\..\..\..\..\ken.buczilowski%40games-academy.de\Documents\GitHub Repositories\Body\Core\include\PlayerSatelliteModifier.h">
      <Filter>Headerdateien</Filter>
    </ClInclude>
    <ClInclude Include="..\..\..\..\..\ken.buczilowski%40games-academy.de\Documents\GitHub Repositories\Body\Core\include\ItemModifier.h">
      <Filter>Headerdateien</Filter>
    </ClInclude>
    <ClInclude Include="..\..\..\..\..\ken.buczilowski%40games-academy.de\Documents\GitHub Repositories\Body\Core\include\GameData.h">
      <Filter>Headerdateien</Filter>
    </ClInclude>
    <ClInclude Include="..\..\..\..\..\ken.buczilowski%40games-academy.de\Documents\GitHub Repositories\Body\Core\include\Tilesets.h">
      <Filter>Headerdateien</Filter>
    </ClInclude>
    <ClInclude Include="..\..\..\..\..\ken.buczilowski%40games-academy.de\Documents\GitHub Repositories\Body\Core\include\PlayerShootingModifier.h">
      <Filter>Headerdateien</Filter>
    </ClInclude>
    <ClInclude Include="..\..\..\..\..\ken.buczilowski%40games-academy.de\Documents\GitHub Repositories\Body\Core\include\NormalShootingModifier.h">
      <Filter>Headerdateien</Filter>
    </ClInclude>
    <ClInclude Include="include\SplitShootingModifier.h">
      <Filter>Headerdateien</Filter>
    </ClInclude>
    <ClInclude Include="..\..\..\..\..\ken.buczilowski%40games-academy.de\Documents\GitHub Repositories\Body\Core\include\CurvyShootingModifier.h">
      <Filter>Headerdateien</Filter>
    </ClInclude>
    <ClInclude Include="..\..\..\..\..\ken.buczilowski%40games-academy.de\Documents\GitHub Repositories\Body\Core\include\HomingShootingModifier.h">
      <Filter>Headerdateien</Filter>
    </ClInclude>
    <ClInclude Include="..\..\..\..\..\ken.buczilowski%40games-academy.de\Documents\GitHub Repositories\Body\Core\include\LaserShootingModifier.h">
      <Filter>Headerdateien</Filter>
    </ClInclude>
    <ClInclude Include="..\..\..\..\..\ken.buczilowski%40games-academy.de\Documents\GitHub Repositories\Body\Core\include\LaserModifier.h">
      <Filter>Headerdateien</Filter>
    </ClInclude>
    <ClInclude Include="..\..\..\..\..\ken.buczilowski%40games-academy.de\Documents\GitHub Repositories\Body\Core\include\CoinModifier.h">
      <Filter>Headerdateien</Filter>
    </ClInclude>
    <ClInclude Include="..\..\..\..\..\ken.buczilowski%40games-academy.de\Documents\GitHub Repositories\Body\Core\include\MenuData.h">
      <Filter>Headerdateien</Filter>
    </ClInclude>
  </ItemGroup>
  <ItemGroup>
    <ClCompile Include="source\Entity.cpp">
      <Filter>Quelldateien</Filter>
    </ClCompile>
    <ClCompile Include="source\EnemyModifier.cpp">
      <Filter>Quelldateien</Filter>
    </ClCompile>
    <ClCompile Include="source\GooModifier.cpp">
      <Filter>Quelldateien</Filter>
    </ClCompile>
    <ClCompile Include="source\GooParticleModifer.cpp">
      <Filter>Quelldateien</Filter>
    </ClCompile>
    <ClCompile Include="source\HitMarkerModifier.cpp">
      <Filter>Quelldateien</Filter>
    </ClCompile>
    <ClCompile Include="source\Level.cpp">
      <Filter>Quelldateien</Filter>
    </ClCompile>
    <ClCompile Include="source\ParticleModifier.cpp">
      <Filter>Quelldateien</Filter>
    </ClCompile>
    <ClCompile Include="source\PlayerModifier.cpp">
      <Filter>Quelldateien</Filter>
    </ClCompile>
    <ClCompile Include="source\ProjectileModifier.cpp">
      <Filter>Quelldateien</Filter>
    </ClCompile>
    <ClCompile Include="source\Spawner.cpp">
      <Filter>Quelldateien</Filter>
    </ClCompile>
    <ClCompile Include="source\StickyShotModifier.cpp">
      <Filter>Quelldateien</Filter>
    </ClCompile>
    <ClCompile Include="source\MovementPatternModifier.cpp">
      <Filter>Quelldateien</Filter>
    </ClCompile>
    <ClCompile Include="source\HomingMovementModifier.cpp">
      <Filter>Quelldateien</Filter>
    </ClCompile>
    <ClCompile Include="source\AnimationModifier.cpp">
      <Filter>Quelldateien</Filter>
    </ClCompile>
    <ClCompile Include="source\BigVirusModifier.cpp">
      <Filter>Quelldateien</Filter>
    </ClCompile>
    <ClCompile Include="source\BoogerModifier.cpp">
      <Filter>Quelldateien</Filter>
    </ClCompile>
    <ClCompile Include="source\BossModifier.cpp">
      <Filter>Quelldateien</Filter>
    </ClCompile>
    <ClCompile Include="source\BossPartModifier.cpp">
      <Filter>Quelldateien</Filter>
    </ClCompile>
    <ClCompile Include="source\GameData.cpp">
      <Filter>Quelldateien</Filter>
    </ClCompile>
    <ClCompile Include="source\ItemModifier.cpp">
      <Filter>Quelldateien</Filter>
    </ClCompile>
    <ClCompile Include="source\MedicineBox.cpp">
      <Filter>Quelldateien</Filter>
    </ClCompile>
    <ClCompile Include="source\PlayerSatelliteModifier.cpp">
      <Filter>Quelldateien</Filter>
    </ClCompile>
    <ClCompile Include="source\ShakyMovementModifier.cpp">
      <Filter>Quelldateien</Filter>
    </ClCompile>
    <ClCompile Include="source\ShooterHeadModifier.cpp">
      <Filter>Quelldateien</Filter>
    </ClCompile>
    <ClCompile Include="source\ShooterModifier.cpp">
      <Filter>Quelldateien</Filter>
    </ClCompile>
    <ClCompile Include="source\ShootingModifier.cpp">
      <Filter>Quelldateien</Filter>
    </ClCompile>
    <ClCompile Include="source\WormElementModifier.cpp">
      <Filter>Quelldateien</Filter>
    </ClCompile>
    <ClCompile Include="..\..\..\..\..\ken.buczilowski%40games-academy.de\Documents\GitHub Repositories\Body\Core\source\PlayerShootingModifier.cpp">
      <Filter>Quelldateien</Filter>
    </ClCompile>
    <ClCompile Include="..\..\..\..\..\ken.buczilowski%40games-academy.de\Documents\GitHub Repositories\Body\Core\source\NormalShootingModifier.cpp">
      <Filter>Quelldateien</Filter>
    </ClCompile>
    <ClCompile Include="..\..\..\..\..\ken.buczilowski%40games-academy.de\Documents\GitHub Repositories\Body\Core\source\SplitShootingModifier.cpp">
      <Filter>Quelldateien</Filter>
    </ClCompile>
    <ClCompile Include="..\..\..\..\..\ken.buczilowski%40games-academy.de\Documents\GitHub Repositories\Body\Core\source\CurvyShootingModifier.cpp">
      <Filter>Quelldateien</Filter>
    </ClCompile>
    <ClCompile Include="..\..\..\..\..\ken.buczilowski%40games-academy.de\Documents\GitHub Repositories\Body\Core\source\HomingShootingModifier.cpp">
      <Filter>Quelldateien</Filter>
    </ClCompile>
    <ClCompile Include="..\..\..\..\..\ken.buczilowski%40games-academy.de\Documents\GitHub Repositories\Body\Core\source\LaserShootingModifier.cpp">
      <Filter>Quelldateien</Filter>
    </ClCompile>
    <ClCompile Include="..\..\..\..\..\ken.buczilowski%40games-academy.de\Documents\GitHub Repositories\Body\Core\source\LaserModifier.cpp">
      <Filter>Quelldateien</Filter>
    </ClCompile>
    <ClCompile Include="..\..\..\..\..\ken.buczilowski%40games-academy.de\Documents\GitHub Repositories\Body\Core\source\CoinModifier.cpp">
      <Filter>Quelldateien</Filter>
    </ClCompile>
  </ItemGroup>
</Project>